
Microsoft Visual Studio Solution File, Format Version 12.00
# Visual Studio Version 16
VisualStudioVersion = 16.0.31112.23
MinimumVisualStudioVersion = 10.0.40219.1
Project("{FAE04EC0-301F-11D3-BF4B-00C04F79EFBC}") = "kolokwium_cyranw61880", "kolokwium_cyranw61880.csproj", "{408200D0-750B-421A-A6B1-987D5297F64B}"
EndProject
Global
	GlobalSection(SolutionConfigurationPlatforms) = preSolution
		Debug|Any CPU = Debug|Any CPU
		Release|Any CPU = Release|Any CPU
	EndGlobalSection
	GlobalSection(ProjectConfigurationPlatforms) = postSolution
		{408200D0-750B-421A-A6B1-987D5297F64B}.Debug|Any CPU.ActiveCfg = Debug|Any CPU
		{408200D0-750B-421A-A6B1-987D5297F64B}.Debug|Any CPU.Build.0 = Debug|Any CPU
		{408200D0-750B-421A-A6B1-987D5297F64B}.Release|Any CPU.ActiveCfg = Release|Any CPU
		{408200D0-750B-421A-A6B1-987D5297F64B}.Release|Any CPU.Build.0 = Release|Any CPU
	EndGlobalSection
	GlobalSection(SolutionProperties) = preSolution
		HideSolutionNode = FALSE
	EndGlobalSection
	GlobalSection(ExtensibilityGlobals) = postSolution
		SolutionGuid = {0872E547-567F-4476-B778-6AEF9A2B672A}
	EndGlobalSection
EndGlobal
